github.com/Masterminds/semver/v3 v3.3.1 h1:QtNSWtVZ3nBfk8mAOu/B6v7FMJ+NHTIgUPi7rj+4nv4=
github.com/Masterminds/semver/v3 v3.3.1/go.mod h1:4V+yj/TJE1HU9XfppCwVMZq3I84lprf4nC11bSS5beM=
github.com/aws/aws-cdk-go/awscdk/v2 v2.202.0 h1:DGMbImEr+wIdB2SLhmN299kn4d5ewrFhuTQY2vRWxGw=
github.com/aws/aws-cdk-go/awscdk/v2 v2.202.0/go.mod h1:JmBr3RE8fce2TxhM0Vqd+4IANIFUxkgNESH15CaI2j4=
github.com/aws/aws-lambda-go v1.49.0 h1:z4VhTqkFZPM3xpEtTqWqRqsRH4TZBMJqTkRiBPYLqIQ=
github.com/aws/aws-lambda-go v1.49.0/go.mod h1:dpMpZgvWx5vuQJfBt0zqBha60q7Dd7RfgJv23DymV8A=
github.com/aws/constructs-go/constructs/v10 v10.4.2 h1:+hDLTsFGLJmKIn0Dg20vWpKBrVnFrEWYgTEY5UiTEG8=
github.com/aws/constructs-go/constructs/v10 v10.4.2/go.mod h1:cXsNCKDV+9eR9zYYfwy6QuE4uPFp6jsq6TtH1MwBx9w=
github.com/aws/jsii-runtime-go v1.112.0 h1:7jusWZUgSTuSPLa2ZRv+siGuyoFSzFNk/TaHqlcFe6Y=
github.com/aws/jsii-runtime-go v1.112.0/go.mod h1:jiAbLN2Hz+7At3C59LsQyv8gK3HvfNYF2YFPkWLHll8=
github.com/cdklabs/awscdk-asset-awscli-go/awscliv1/v2 v2.2.240 h1:y9JvWrwZteiQFBe2uUgiHMw/4FDhUQGH4CsACWN8umo=
github.com/cdklabs/awscdk-asset-awscli-go/awscliv1/v2 v2.2.240/go.mod h1:1FHlu1VKVvrE/Bmcow4crPddJlOWhEXde/Zi4TcUhkA=
github.com/cdklabs/awscdk-asset-node-proxy-agent-go/nodeproxyagentv6/v2 v2.1.0 h1:kElXjprC8wkpJu58vp+WFH6z0AJw4zitg5iSKJPKe3c=
github.com/cdklabs/awscdk-asset-node-proxy-agent-go/nodeproxyagentv6/v2 v2.1.0/go.mod h1:JY4UnvNa1YDGQ4H5wohXTHl6YVY3uCDUWl4JYUrQfb8=
github.com/cdklabs/cloud-assembly-schema-go/awscdkcloudassemblyschema/v44 v44.2.0 h1:l4CLD6JHaPqifetpg+IBjyBPUDnV8g4p3tRzoPSeP4Y=
github.com/cdklabs/cloud-assembly-schema-go/awscdkcloudassemblyschema/v44 v44.2.0/go.mod h1:4JMSBtFdOtctyQRA/EehKHJ/h+xMc030zS76TLUrssY=
github.com/davecgh/go-spew v1.1.1 h1:vj9j/u1bqnvCEfJOwUhtlOARqs3+rkHYY13jYWTU97c=
github.com/davecgh/go-spew v1.1.1/go.mod h1:J7Y8YcW2NihsgmVo/mv3lAwl/skON4iLHjSsI+c5H38=
github.com/pmezard/go-difflib v1.0.0 h1:4DBwDE0NGyQoBHbLQYPwSUPoCMWR5BEzIk/f1lZbAQM=
github.com/pmezard/go-difflib v1.0.0/go.mod h1:iKH77koFhYxTK1pcRnkKkqfTogsbg7gZNVY4sRDYZ/4=
github.com/stretchr/testify v1.10.0 h1:Xv5erBjTwe/5IxqUQTdXv5kgmIvbHo3QQyRwhJsOfJA=
github.com/stretchr/testify v1.10.0/go.mod h1:r2ic/lqez/lEtzL7wO/rwa5dbSLXVDPFyf8C91i36aY=
gopkg.in/yaml.v3 v3.0.1 h1:fxVm/GzAzEWqLHuvctI91KS9hhNmmWOoWu0XTYJS7CA=
gopkg.in/yaml.v3 v3.0.1/go.mod h1:K4uyk7z7BCEPqu6E+C64Yfv1cQ7kz7rIZviUmN+EgEM=
